
Microsoft Visual Studio Solution File, Format Version 12.00
# Visual Studio Version 16
VisualStudioVersion = 16.0.31727.386
MinimumVisualStudioVersion = 10.0.40219.1
Project("{FAE04EC0-301F-11D3-BF4B-00C04F79EFBC}") = "projectNumerical", "projectNumerical\projectNumerical.csproj", "{09C22529-9487-49F6-9C6E-4A42BFC5CA0D}"
EndProject
Global
	GlobalSection(SolutionConfigurationPlatforms) = preSolution
		Debug|Any CPU = Debug|Any CPU
		Release|Any CPU = Release|Any CPU
	EndGlobalSection
	GlobalSection(ProjectConfigurationPlatforms) = postSolution
		{09C22529-9487-49F6-9C6E-4A42BFC5CA0D}.Debug|Any CPU.ActiveCfg = Debug|Any CPU
		{09C22529-9487-49F6-9C6E-4A42BFC5CA0D}.Debug|Any CPU.Build.0 = Debug|Any CPU
		{09C22529-9487-49F6-9C6E-4A42BFC5CA0D}.Release|Any CPU.ActiveCfg = Release|Any CPU
		{09C22529-9487-49F6-9C6E-4A42BFC5CA0D}.Release|Any CPU.Build.0 = Release|Any CPU
	EndGlobalSection
	GlobalSection(SolutionProperties) = preSolution
		HideSolutionNode = FALSE
	EndGlobalSection
	GlobalSection(ExtensibilityGlobals) = postSolution
		SolutionGuid = {089EC3F7-5E05-4B32-AC43-4FFFC3B497A8}
	EndGlobalSection
EndGlobal
